
Microsoft Visual Studio Solution File, Format Version 12.00
# Visual Studio Version 17
VisualStudioVersion = 17.8.34525.116
MinimumVisualStudioVersion = 10.0.40219.1
Project("{9A19103F-16F7-4668-BE54-9A1E7A4F7556}") = "webapi-sales", "webapi-sales\webapi-sales.csproj", "{069E3A3C-445F-40C2-B70E-46DF165D4B79}"
EndProject
Project("{9A19103F-16F7-4668-BE54-9A1E7A4F7556}") = "Sd-Solution.Tests", "Sd-Solution.Tests\Sd-Solution.Tests.csproj", "{3DF6DB7E-E1D7-4FA0-84C2-B91D0A7EF585}"
EndProject
Project("{9A19103F-16F7-4668-BE54-9A1E7A4F7556}") = "Sd-DbMigrator", "Sd-DbUp\Sd-DbMigrator.csproj", "{DA6E9DD1-A80E-4C32-B06D-F20E20EEE54B}"
EndProject
Global
	GlobalSection(SolutionConfigurationPlatforms) = preSolution
		Debug|Any CPU = Debug|Any CPU
		Release|Any CPU = Release|Any CPU
	EndGlobalSection
	GlobalSection(ProjectConfigurationPlatforms) = postSolution
		{069E3A3C-445F-40C2-B70E-46DF165D4B79}.Debug|Any CPU.ActiveCfg = Debug|Any CPU
		{069E3A3C-445F-40C2-B70E-46DF165D4B79}.Debug|Any CPU.Build.0 = Debug|Any CPU
		{069E3A3C-445F-40C2-B70E-46DF165D4B79}.Release|Any CPU.ActiveCfg = Release|Any CPU
		{069E3A3C-445F-40C2-B70E-46DF165D4B79}.Release|Any CPU.Build.0 = Release|Any CPU
		{3DF6DB7E-E1D7-4FA0-84C2-B91D0A7EF585}.Debug|Any CPU.ActiveCfg = Debug|Any CPU
		{3DF6DB7E-E1D7-4FA0-84C2-B91D0A7EF585}.Debug|Any CPU.Build.0 = Debug|Any CPU
		{3DF6DB7E-E1D7-4FA0-84C2-B91D0A7EF585}.Release|Any CPU.ActiveCfg = Release|Any CPU
		{3DF6DB7E-E1D7-4FA0-84C2-B91D0A7EF585}.Release|Any CPU.Build.0 = Release|Any CPU
		{DA6E9DD1-A80E-4C32-B06D-F20E20EEE54B}.Debug|Any CPU.ActiveCfg = Debug|Any CPU
		{DA6E9DD1-A80E-4C32-B06D-F20E20EEE54B}.Debug|Any CPU.Build.0 = Debug|Any CPU
		{DA6E9DD1-A80E-4C32-B06D-F20E20EEE54B}.Release|Any CPU.ActiveCfg = Release|Any CPU
		{DA6E9DD1-A80E-4C32-B06D-F20E20EEE54B}.Release|Any CPU.Build.0 = Release|Any CPU
	EndGlobalSection
	GlobalSection(SolutionProperties) = preSolution
		HideSolutionNode = FALSE
	EndGlobalSection
	GlobalSection(ExtensibilityGlobals) = postSolution
		SolutionGuid = {DB3E4211-170E-4E61-B29D-859CDB05618C}
	EndGlobalSection
EndGlobal
