
Microsoft Visual Studio Solution File, Format Version 12.00
# Visual Studio Version 17
VisualStudioVersion = 17.8.34525.116
MinimumVisualStudioVersion = 10.0.40219.1
Project("{FAE04EC0-301F-11D3-BF4B-00C04F79EFBC}") = "webapi", "webapi\webapi.csproj", "{069E3A3C-445F-40C2-B70E-46DF165D4B79}"
EndProject
Project("{FAE04EC0-301F-11D3-BF4B-00C04F79EFBC}") = "Sd-DbMigrator", "Sd-DbUp\Sd-DbMigrator.csproj", "{B87BBA15-0B2F-4929-A489-27FDC147312C}"
EndProject
Global
	GlobalSection(SolutionConfigurationPlatforms) = preSolution
		Debug|Any CPU = Debug|Any CPU
		Release|Any CPU = Release|Any CPU
	EndGlobalSection
	GlobalSection(ProjectConfigurationPlatforms) = postSolution
		{069E3A3C-445F-40C2-B70E-46DF165D4B79}.Debug|Any CPU.ActiveCfg = Debug|Any CPU
		{069E3A3C-445F-40C2-B70E-46DF165D4B79}.Debug|Any CPU.Build.0 = Debug|Any CPU
		{069E3A3C-445F-40C2-B70E-46DF165D4B79}.Release|Any CPU.ActiveCfg = Release|Any CPU
		{069E3A3C-445F-40C2-B70E-46DF165D4B79}.Release|Any CPU.Build.0 = Release|Any CPU
		{B87BBA15-0B2F-4929-A489-27FDC147312C}.Debug|Any CPU.ActiveCfg = Debug|Any CPU
		{B87BBA15-0B2F-4929-A489-27FDC147312C}.Debug|Any CPU.Build.0 = Debug|Any CPU
		{B87BBA15-0B2F-4929-A489-27FDC147312C}.Release|Any CPU.ActiveCfg = Release|Any CPU
		{B87BBA15-0B2F-4929-A489-27FDC147312C}.Release|Any CPU.Build.0 = Release|Any CPU
	EndGlobalSection
	GlobalSection(SolutionProperties) = preSolution
		HideSolutionNode = FALSE
	EndGlobalSection
	GlobalSection(ExtensibilityGlobals) = postSolution
		SolutionGuid = {DB3E4211-170E-4E61-B29D-859CDB05618C}
	EndGlobalSection
EndGlobal
